
Microsoft Visual Studio Solution File, Format Version 12.00
# Visual Studio Version 17
VisualStudioVersion = 17.10.35122.118
MinimumVisualStudioVersion = 10.0.40219.1
Project("{FAE04EC0-301F-11D3-BF4B-00C04F79EFBC}") = "ShopApi", "ShopApi\ShopApi.csproj", "{88ADE82B-E16B-4F2F-B292-B2849C046F55}"
EndProject
Project("{FAE04EC0-301F-11D3-BF4B-00C04F79EFBC}") = "ShopApp", "ShopApp\ShopApp.csproj", "{5D984E35-9EC3-4F1F-BCE3-3E12A346ADE5}"
EndProject
Global
	GlobalSection(SolutionConfigurationPlatforms) = preSolution
		Debug|Any CPU = Debug|Any CPU
		Release|Any CPU = Release|Any CPU
	EndGlobalSection
	GlobalSection(ProjectConfigurationPlatforms) = postSolution
		{88ADE82B-E16B-4F2F-B292-B2849C046F55}.Debug|Any CPU.ActiveCfg = Debug|Any CPU
		{88ADE82B-E16B-4F2F-B292-B2849C046F55}.Debug|Any CPU.Build.0 = Debug|Any CPU
		{88ADE82B-E16B-4F2F-B292-B2849C046F55}.Release|Any CPU.ActiveCfg = Release|Any CPU
		{88ADE82B-E16B-4F2F-B292-B2849C046F55}.Release|Any CPU.Build.0 = Release|Any CPU
		{5D984E35-9EC3-4F1F-BCE3-3E12A346ADE5}.Debug|Any CPU.ActiveCfg = Debug|Any CPU
		{5D984E35-9EC3-4F1F-BCE3-3E12A346ADE5}.Debug|Any CPU.Build.0 = Debug|Any CPU
		{5D984E35-9EC3-4F1F-BCE3-3E12A346ADE5}.Release|Any CPU.ActiveCfg = Release|Any CPU
		{5D984E35-9EC3-4F1F-BCE3-3E12A346ADE5}.Release|Any CPU.Build.0 = Release|Any CPU
	EndGlobalSection
	GlobalSection(SolutionProperties) = preSolution
		HideSolutionNode = FALSE
	EndGlobalSection
	GlobalSection(ExtensibilityGlobals) = postSolution
		SolutionGuid = {6151C7D0-D73E-4A2E-B9E9-496627EA19DA}
	EndGlobalSection
EndGlobal
